
Microsoft Visual Studio Solution File, Format Version 12.00
# Visual Studio 15
VisualStudioVersion = 15.0.28307.902
MinimumVisualStudioVersion = 10.0.40219.1
Project("{FAE04EC0-301F-11D3-BF4B-00C04F79EFBC}") = "atomiki_ergasia2", "atomiki_ergasia2\atomiki_ergasia2.csproj", "{41C4CB84-267E-4FE7-BB20-4EE0AEE82C1C}"
EndProject
Global
	GlobalSection(SolutionConfigurationPlatforms) = preSolution
		Debug|Any CPU = Debug|Any CPU
		Release|Any CPU = Release|Any CPU
	EndGlobalSection
	GlobalSection(ProjectConfigurationPlatforms) = postSolution
		{41C4CB84-267E-4FE7-BB20-4EE0AEE82C1C}.Debug|Any CPU.ActiveCfg = Debug|Any CPU
		{41C4CB84-267E-4FE7-BB20-4EE0AEE82C1C}.Debug|Any CPU.Build.0 = Debug|Any CPU
		{41C4CB84-267E-4FE7-BB20-4EE0AEE82C1C}.Release|Any CPU.ActiveCfg = Release|Any CPU
		{41C4CB84-267E-4FE7-BB20-4EE0AEE82C1C}.Release|Any CPU.Build.0 = Release|Any CPU
	EndGlobalSection
	GlobalSection(SolutionProperties) = preSolution
		HideSolutionNode = FALSE
	EndGlobalSection
	GlobalSection(ExtensibilityGlobals) = postSolution
		SolutionGuid = {632A7991-B58D-41E0-ACAD-56BC7F828C8A}
	EndGlobalSection
EndGlobal
